
Microsoft Visual Studio Solution File, Format Version 10.00
# Visual Studio 2008
Project("{FAE04EC0-301F-11D3-BF4B-00C04F79EFBC}") = "Rf.Sites", "Rf.Sites\Rf.Sites.csproj", "{72EC968F-1C03-4C03-A4FF-E7792E1127D7}"
EndProject
Project("{FAE04EC0-301F-11D3-BF4B-00C04F79EFBC}") = "Rf.Sites.Domain", "Rf.Sites.Domain\Rf.Sites.Domain.csproj", "{650F3F70-DF4D-49EB-8EAB-552060A1D641}"
EndProject
Project("{FAE04EC0-301F-11D3-BF4B-00C04F79EFBC}") = "Rf.Sites.Tests", "Rf.Sites.Tests\Rf.Sites.Tests.csproj", "{BCF78A2B-ACC0-48F6-80EF-FCD094DCF2C3}"
EndProject
Project("{FAE04EC0-301F-11D3-BF4B-00C04F79EFBC}") = "Rf.Sites.Migration", "Rf.Sites.Migration\Rf.Sites.Migration.csproj", "{92499696-2F2E-48BF-8096-14B2B018B703}"
EndProject
Project("{2150E333-8FDC-42A3-9474-1A3956D46DE8}") = "Solution Items", "Solution Items", "{E1D16217-408D-4389-A227-B6359208C461}"
	ProjectSection(SolutionItems) = preProject
		license.txt = license.txt
	EndProjectSection
EndProject
Global
	GlobalSection(SolutionConfigurationPlatforms) = preSolution
		Debug|Any CPU = Debug|Any CPU
		Release|Any CPU = Release|Any CPU
	EndGlobalSection
	GlobalSection(ProjectConfigurationPlatforms) = postSolution
		{72EC968F-1C03-4C03-A4FF-E7792E1127D7}.Debug|Any CPU.ActiveCfg = Debug|Any CPU
		{72EC968F-1C03-4C03-A4FF-E7792E1127D7}.Debug|Any CPU.Build.0 = Debug|Any CPU
		{72EC968F-1C03-4C03-A4FF-E7792E1127D7}.Release|Any CPU.ActiveCfg = Release|Any CPU
		{72EC968F-1C03-4C03-A4FF-E7792E1127D7}.Release|Any CPU.Build.0 = Release|Any CPU
		{650F3F70-DF4D-49EB-8EAB-552060A1D641}.Debug|Any CPU.ActiveCfg = Debug|Any CPU
		{650F3F70-DF4D-49EB-8EAB-552060A1D641}.Debug|Any CPU.Build.0 = Debug|Any CPU
		{650F3F70-DF4D-49EB-8EAB-552060A1D641}.Release|Any CPU.ActiveCfg = Release|Any CPU
		{650F3F70-DF4D-49EB-8EAB-552060A1D641}.Release|Any CPU.Build.0 = Release|Any CPU
		{BCF78A2B-ACC0-48F6-80EF-FCD094DCF2C3}.Debug|Any CPU.ActiveCfg = Debug|Any CPU
		{BCF78A2B-ACC0-48F6-80EF-FCD094DCF2C3}.Debug|Any CPU.Build.0 = Debug|Any CPU
		{BCF78A2B-ACC0-48F6-80EF-FCD094DCF2C3}.Release|Any CPU.ActiveCfg = Release|Any CPU
		{BCF78A2B-ACC0-48F6-80EF-FCD094DCF2C3}.Release|Any CPU.Build.0 = Release|Any CPU
		{92499696-2F2E-48BF-8096-14B2B018B703}.Debug|Any CPU.ActiveCfg = Debug|Any CPU
		{92499696-2F2E-48BF-8096-14B2B018B703}.Debug|Any CPU.Build.0 = Debug|Any CPU
		{92499696-2F2E-48BF-8096-14B2B018B703}.Release|Any CPU.ActiveCfg = Release|Any CPU
		{92499696-2F2E-48BF-8096-14B2B018B703}.Release|Any CPU.Build.0 = Release|Any CPU
	EndGlobalSection
	GlobalSection(SolutionProperties) = preSolution
		HideSolutionNode = FALSE
	EndGlobalSection
EndGlobal
